// !$*UTF8*$!
{
	archiveVersion = 1;
	classes = {
	};
	objectVersion = 46;
	objects = {

/* Begin PBXBuildFile section */
		6A14BD7B197E692D005BE9DA /* AppDelegate.swift in Sources */ = {isa = PBXBuildFile; fileRef = 6A14BD7A197E692D005BE9DA /* AppDelegate.swift */; };
		6A14BD7D197E692D005BE9DA /* GameScene.sks in Resources */ = {isa = PBXBuildFile; fileRef = 6A14BD7C197E692D005BE9DA /* GameScene.sks */; };
		6A14BD7F197E692D005BE9DA /* GameScene.swift in Sources */ = {isa = PBXBuildFile; fileRef = 6A14BD7E197E692D005BE9DA /* GameScene.swift */; };
		6A14BD81197E692D005BE9DA /* GameViewController.swift in Sources */ = {isa = PBXBuildFile; fileRef = 6A14BD80197E692D005BE9DA /* GameViewController.swift */; };
		6A14BD84197E692D005BE9DA /* Main.storyboard in Resources */ = {isa = PBXBuildFile; fileRef = 6A14BD82197E692D005BE9DA /* Main.storyboard */; };
		6A14BD86197E692D005BE9DA /* Images.xcassets in Resources */ = {isa = PBXBuildFile; fileRef = 6A14BD85197E692D005BE9DA /* Images.xcassets */; };
		6A14BD92197E692D005BE9DA /* GeometryCatchTests.swift in Sources */ = {isa = PBXBuildFile; fileRef = 6A14BD91197E692D005BE9DA /* GeometryCatchTests.swift */; };
		6A14BDA2197EBFEF005BE9DA /* shape_triangle.png in Resources */ = {isa = PBXBuildFile; fileRef = 6A14BD9E197EBFEF005BE9DA /* shape_triangle.png */; };
		6A14BDA3197EBFEF005BE9DA /* shape_square.png in Resources */ = {isa = PBXBuildFile; fileRef = 6A14BD9F197EBFEF005BE9DA /* shape_square.png */; };
		6A14BDA4197EBFEF005BE9DA /* shape_circle.png in Resources */ = {isa = PBXBuildFile; fileRef = 6A14BDA0197EBFEF005BE9DA /* shape_circle.png */; };
		6A14BDA5197EBFEF005BE9DA /* paddle.png in Resources */ = {isa = PBXBuildFile; fileRef = 6A14BDA1197EBFEF005BE9DA /* paddle.png */; };
		6A14BDA8197EC7B0005BE9DA /* Drops.swift in Sources */ = {isa = PBXBuildFile; fileRef = 6A14BDA7197EC7B0005BE9DA /* Drops.swift */; };
		6AA9F449197FF77300CC3FC0 /* levelBar.png in Resources */ = {isa = PBXBuildFile; fileRef = 6AA9F448197FF77300CC3FC0 /* levelBar.png */; };
/* End PBXBuildFile section */

/* Begin PBXContainerItemProxy section */
		6A14BD8C197E692D005BE9DA /* PBXContainerItemProxy */ = {
			isa = PBXContainerItemProxy;
			containerPortal = 6A14BD6D197E692D005BE9DA /* Project object */;
			proxyType = 1;
			remoteGlobalIDString = 6A14BD74197E692D005BE9DA;
			remoteInfo = GeometryCatch;
		};
/* End PBXContainerItemProxy section */

/* Begin PBXFileReference section */
		6A14BD75197E692D005BE9DA /* GeometryCatch.app */ = {isa = PBXFileReference; explicitFileType = wrapper.application; includeInIndex = 0; path = GeometryCatch.app; sourceTree = BUILT_PRODUCTS_DIR; };
		6A14BD79197E692D005BE9DA /* Info.plist */ = {isa = PBXFileReference; lastKnownFileType = text.plist.xml; path = Info.plist; sourceTree = "<group>"; };
		6A14BD7A197E692D005BE9DA /* AppDelegate.swift */ = {isa = PBXFileReference; lastKnownFileType = sourcecode.swift; path = AppDelegate.swift; sourceTree = "<group>"; };
		6A14BD7C197E692D005BE9DA /* GameScene.sks */ = {isa = PBXFileReference; lastKnownFileType = file.sks; path = GameScene.sks; sourceTree = "<group>"; };
		6A14BD7E197E692D005BE9DA /* GameScene.swift */ = {isa = PBXFileReference; lastKnownFileType = sourcecode.swift; path = GameScene.swift; sourceTree = "<group>"; };
		6A14BD80197E692D005BE9DA /* GameViewController.swift */ = {isa = PBXFileReference; lastKnownFileType = sourcecode.swift; path = GameViewController.swift; sourceTree = "<group>"; };
		6A14BD83197E692D005BE9DA /* Base */ = {isa = PBXFileReference; lastKnownFileType = file.storyboard; name = Base; path = Base.lproj/Main.storyboard; sourceTree = "<group>"; };
		6A14BD85197E692D005BE9DA /* Images.xcassets */ = {isa = PBXFileReference; lastKnownFileType = folder.assetcatalog; path = Images.xcassets; sourceTree = "<group>"; };
		6A14BD8B197E692D005BE9DA /* GeometryCatchTests.xctest */ = {isa = PBXFileReference; explicitFileType = wrapper.cfbundle; includeInIndex = 0; path = GeometryCatchTests.xctest; sourceTree = BUILT_PRODUCTS_DIR; };
		6A14BD90197E692D005BE9DA /* Info.plist */ = {isa = PBXFileReference; lastKnownFileType = text.plist.xml; path = Info.plist; sourceTree = "<group>"; };
		6A14BD91197E692D005BE9DA /* GeometryCatchTests.swift */ = {isa = PBXFileReference; lastKnownFileType = sourcecode.swift; path = GeometryCatchTests.swift; sourceTree = "<group>"; };
		6A14BD9E197EBFEF005BE9DA /* shape_triangle.png */ = {isa = PBXFileReference; lastKnownFileType = image.png; path = shape_triangle.png; sourceTree = "<group>"; };
		6A14BD9F197EBFEF005BE9DA /* shape_square.png */ = {isa = PBXFileReference; lastKnownFileType = image.png; path = shape_square.png; sourceTree = "<group>"; };
		6A14BDA0197EBFEF005BE9DA /* shape_circle.png */ = {isa = PBXFileReference; lastKnownFileType = image.png; path = shape_circle.png; sourceTree = "<group>"; };
		6A14BDA1197EBFEF005BE9DA /* paddle.png */ = {isa = PBXFileReference; lastKnownFileType = image.png; path = paddle.png; sourceTree = "<group>"; };
		6A14BDA7197EC7B0005BE9DA /* Drops.swift */ = {isa = PBXFileReference; fileEncoding = 4; lastKnownFileType = sourcecode.swift; path = Drops.swift; sourceTree = "<group>"; };
		6AA9F448197FF77300CC3FC0 /* levelBar.png */ = {isa = PBXFileReference; lastKnownFileType = image.png; path = levelBar.png; sourceTree = "<group>"; };
/* End PBXFileReference section */

/* Begin PBXFrameworksBuildPhase section */
		6A14BD72197E692D005BE9DA /* Frameworks */ = {
			isa = PBXFrameworksBuildPhase;
			buildActionMask = 2147483647;
			files = (
			);
			runOnlyForDeploymentPostprocessing = 0;
		};
		6A14BD88197E692D005BE9DA /* Frameworks */ = {
			isa = PBXFrameworksBuildPhase;
			buildActionMask = 2147483647;
			files = (
			);
			runOnlyForDeploymentPostprocessing = 0;
		};
/* End PBXFrameworksBuildPhase section */

/* Begin PBXGroup section */
		6A14BD6C197E692D005BE9DA = {
			isa = PBXGroup;
			children = (
				6A14BD77197E692D005BE9DA /* GeometryCatch */,
				6A14BD8E197E692D005BE9DA /* GeometryCatchTests */,
				6A14BD76197E692D005BE9DA /* Products */,
			);
			sourceTree = "<group>";
		};
		6A14BD76197E692D005BE9DA /* Products */ = {
			isa = PBXGroup;
			children = (
				6A14BD75197E692D005BE9DA /* GeometryCatch.app */,
				6A14BD8B197E692D005BE9DA /* GeometryCatchTests.xctest */,
			);
			name = Products;
			sourceTree = "<group>";
		};
		6A14BD77197E692D005BE9DA /* GeometryCatch */ = {
			isa = PBXGroup;
			children = (
				6A14BDA6197EC76C005BE9DA /* SupportingFiles */,
				6A14BD9B197E693B005BE9DA /* Art */,
				6A14BD7A197E692D005BE9DA /* AppDelegate.swift */,
				6A14BD7C197E692D005BE9DA /* GameScene.sks */,
				6A14BD7E197E692D005BE9DA /* GameScene.swift */,
				6A14BD80197E692D005BE9DA /* GameViewController.swift */,
				6A14BD82197E692D005BE9DA /* Main.storyboard */,
				6A14BD85197E692D005BE9DA /* Images.xcassets */,
				6A14BD78197E692D005BE9DA /* Supporting Files */,
			);
			path = GeometryCatch;
			sourceTree = "<group>";
		};
		6A14BD78197E692D005BE9DA /* Supporting Files */ = {
			isa = PBXGroup;
			children = (
				6A14BD79197E692D005BE9DA /* Info.plist */,
			);
			name = "Supporting Files";
			sourceTree = "<group>";
		};
		6A14BD8E197E692D005BE9DA /* GeometryCatchTests */ = {
			isa = PBXGroup;
			children = (
				6A14BD91197E692D005BE9DA /* GeometryCatchTests.swift */,
				6A14BD8F197E692D005BE9DA /* Supporting Files */,
			);
			path = GeometryCatchTests;
			sourceTree = "<group>";
		};
		6A14BD8F197E692D005BE9DA /* Supporting Files */ = {
			isa = PBXGroup;
			children = (
				6A14BD90197E692D005BE9DA /* Info.plist */,
			);
			name = "Supporting Files";
			sourceTree = "<group>";
		};
		6A14BD9B197E693B005BE9DA /* Art */ = {
			isa = PBXGroup;
			children = (
				6AA9F448197FF77300CC3FC0 /* levelBar.png */,
				6A14BD9E197EBFEF005BE9DA /* shape_triangle.png */,
				6A14BD9F197EBFEF005BE9DA /* shape_square.png */,
				6A14BDA0197EBFEF005BE9DA /* shape_circle.png */,
				6A14BDA1197EBFEF005BE9DA /* paddle.png */,
			);
			name = Art;
			sourceTree = "<group>";
		};
		6A14BDA6197EC76C005BE9DA /* SupportingFiles */ = {
			isa = PBXGroup;
			children = (
				6A14BDA7197EC7B0005BE9DA /* Drops.swift */,
			);
			name = SupportingFiles;
			sourceTree = "<group>";
		};
/* End PBXGroup section */

/* Begin PBXNativeTarget section */
		6A14BD74197E692D005BE9DA /* GeometryCatch */ = {
			isa = PBXNativeTarget;
			buildConfigurationList = 6A14BD95197E692D005BE9DA /* Build configuration list for PBXNativeTarget "GeometryCatch" */;
			buildPhases = (
				6A14BD71197E692D005BE9DA /* Sources */,
				6A14BD72197E692D005BE9DA /* Frameworks */,
				6A14BD73197E692D005BE9DA /* Resources */,
			);
			buildRules = (
			);
			dependencies = (
			);
			name = GeometryCatch;
			productName = GeometryCatch;
			productReference = 6A14BD75197E692D005BE9DA /* GeometryCatch.app */;
			productType = "com.apple.product-type.application";
		};
		6A14BD8A197E692D005BE9DA /* GeometryCatchTests */ = {
			isa = PBXNativeTarget;
			buildConfigurationList = 6A14BD98197E692D005BE9DA /* Build configuration list for PBXNativeTarget "GeometryCatchTests" */;
			buildPhases = (
				6A14BD87197E692D005BE9DA /* Sources */,
				6A14BD88197E692D005BE9DA /* Frameworks */,
				6A14BD89197E692D005BE9DA /* Resources */,
			);
			buildRules = (
			);
			dependencies = (
				6A14BD8D197E692D005BE9DA /* PBXTargetDependency */,
			);
			name = GeometryCatchTests;
			productName = GeometryCatchTests;
			productReference = 6A14BD8B197E692D005BE9DA /* GeometryCatchTests.xctest */;
			productType = "com.apple.product-type.bundle.unit-test";
		};
/* End PBXNativeTarget section */

/* Begin PBXProject section */
		6A14BD6D197E692D005BE9DA /* Project object */ = {
			isa = PBXProject;
			attributes = {
				LastUpgradeCheck = 0600;
				ORGANIZATIONNAME = c63;
				TargetAttributes = {
					6A14BD74197E692D005BE9DA = {
						CreatedOnToolsVersion = 6.0;
					};
					6A14BD8A197E692D005BE9DA = {
						CreatedOnToolsVersion = 6.0;
						TestTargetID = 6A14BD74197E692D005BE9DA;
					};
				};
			};
			buildConfigurationList = 6A14BD70197E692D005BE9DA /* Build configuration list for PBXProject "GeometryCatch" */;
			compatibilityVersion = "Xcode 3.2";
			developmentRegion = English;
			hasScannedForEncodings = 0;
			knownRegions = (
				en,
				Base,
			);
			mainGroup = 6A14BD6C197E692D005BE9DA;
			productRefGroup = 6A14BD76197E692D005BE9DA /* Products */;
			projectDirPath = "";
			projectRoot = "";
			targets = (
				6A14BD74197E692D005BE9DA /* GeometryCatch */,
				6A14BD8A197E692D005BE9DA /* GeometryCatchTests */,
			);
		};
/* End PBXProject section */

/* Begin PBXResourcesBuildPhase section */
		6A14BD73197E692D005BE9DA /* Resources */ = {
			isa = PBXResourcesBuildPhase;
			buildActionMask = 2147483647;
			files = (
				6A14BDA4197EBFEF005BE9DA /* shape_circle.png in Resources */,
				6A14BD86197E692D005BE9DA /* Images.xcassets in Resources */,
				6A14BD7D197E692D005BE9DA /* GameScene.sks in Resources */,
				6A14BD84197E692D005BE9DA /* Main.storyboard in Resources */,
				6AA9F449197FF77300CC3FC0 /* levelBar.png in Resources */,
				6A14BDA3197EBFEF005BE9DA /* shape_square.png in Resources */,
				6A14BDA2197EBFEF005BE9DA /* shape_triangle.png in Resources */,
				6A14BDA5197EBFEF005BE9DA /* paddle.png in Resources */,
			);
			runOnlyForDeploymentPostprocessing = 0;
		};
		6A14BD89197E692D005BE9DA /* Resources */ = {
			isa = PBXResourcesBuildPhase;
			buildActionMask = 2147483647;
			files = (
			);
			runOnlyForDeploymentPostprocessing = 0;
		};
/* End PBXResourcesBuildPhase section */

/* Begin PBXSourcesBuildPhase section */
		6A14BD71197E692D005BE9DA /* Sources */ = {
			isa = PBXSourcesBuildPhase;
			buildActionMask = 2147483647;
			files = (
				6A14BD7F197E692D005BE9DA /* GameScene.swift in Sources */,
				6A14BD81197E692D005BE9DA /* GameViewController.swift in Sources */,
				6A14BDA8197EC7B0005BE9DA /* Drops.swift in Sources */,
				6A14BD7B197E692D005BE9DA /* AppDelegate.swift in Sources */,
			);
			runOnlyForDeploymentPostprocessing = 0;
		};
		6A14BD87197E692D005BE9DA /* Sources */ = {
			isa = PBXSourcesBuildPhase;
			buildActionMask = 2147483647;
			files = (
				6A14BD92197E692D005BE9DA /* GeometryCatchTests.swift in Sources */,
			);
			runOnlyForDeploymentPostprocessing = 0;
		};
/* End PBXSourcesBuildPhase section */

/* Begin PBXTargetDependency section */
		6A14BD8D197E692D005BE9DA /* PBXTargetDependency */ = {
			isa = PBXTargetDependency;
			target = 6A14BD74197E692D005BE9DA /* GeometryCatch */;
			targetProxy = 6A14BD8C197E692D005BE9DA /* PBXContainerItemProxy */;
		};
/* End PBXTargetDependency section */

/* Begin PBXVariantGroup section */
		6A14BD82197E692D005BE9DA /* Main.storyboard */ = {
			isa = PBXVariantGroup;
			children = (
				6A14BD83197E692D005BE9DA /* Base */,
			);
			name = Main.storyboard;
			sourceTree = "<group>";
		};
/* End PBXVariantGroup section */

/* Begin XCBuildConfiguration section */
		6A14BD93197E692D005BE9DA /* Debug */ = {
			isa = XCBuildConfiguration;
			buildSettings = {
				ALWAYS_SEARCH_USER_PATHS = NO;
				CLANG_CXX_LANGUAGE_STANDARD = "gnu++0x";
				CLANG_CXX_LIBRARY = "libc++";
				CLANG_ENABLE_MODULES = YES;
				CLANG_ENABLE_OBJC_ARC = YES;
				CLANG_WARN_BOOL_CONVERSION = YES;
				CLANG_WARN_CONSTANT_CONVERSION = YES;
				CLANG_WARN_DIRECT_OBJC_ISA_USAGE = YES_ERROR;
				CLANG_WARN_EMPTY_BODY = YES;
				CLANG_WARN_ENUM_CONVERSION = YES;
				CLANG_WARN_INT_CONVERSION = YES;
				CLANG_WARN_OBJC_ROOT_CLASS = YES_ERROR;
				CLANG_WARN_UNREACHABLE_CODE = YES;
				CLANG_WARN__DUPLICATE_METHOD_MATCH = YES;
				"CODE_SIGN_IDENTITY[sdk=iphoneos*]" = "iPhone Developer";
				COPY_PHASE_STRIP = NO;
				ENABLE_STRICT_OBJC_MSGSEND = YES;
				GCC_C_LANGUAGE_STANDARD = gnu99;
				GCC_DYNAMIC_NO_PIC = NO;
				GCC_OPTIMIZATION_LEVEL = 0;
				GCC_PREPROCESSOR_DEFINITIONS = (
					"DEBUG=1",
					"$(inherited)",
				);
				GCC_SYMBOLS_PRIVATE_EXTERN = NO;
				GCC_WARN_64_TO_32_BIT_CONVERSION = YES;
				GCC_WARN_ABOUT_RETURN_TYPE = YES_ERROR;
				GCC_WARN_UNDECLARED_SELECTOR = YES;
				GCC_WARN_UNINITIALIZED_AUTOS = YES_AGGRESSIVE;
				GCC_WARN_UNUSED_FUNCTION = YES;
				GCC_WARN_UNUSED_VARIABLE = YES;
				IPHONEOS_DEPLOYMENT_TARGET = 8.0;
				METAL_ENABLE_DEBUG_INFO = YES;
				ONLY_ACTIVE_ARCH = YES;
				SDKROOT = iphoneos;
				SWIFT_OPTIMIZATION_LEVEL = "-Onone";
			};
			name = Debug;
		};
		6A14BD94197E692D005BE9DA /* Release */ = {
			isa = XCBuildConfiguration;
			buildSettings = {
				ALWAYS_SEARCH_USER_PATHS = NO;
				CLANG_CXX_LANGUAGE_STANDARD = "gnu++0x";
				CLANG_CXX_LIBRARY = "libc++";
				CLANG_ENABLE_MODULES = YES;
				CLANG_ENABLE_OBJC_ARC = YES;
				CLANG_WARN_BOOL_CONVERSION = YES;
				CLANG_WARN_CONSTANT_CONVERSION = YES;
				CLANG_WARN_DIRECT_OBJC_ISA_USAGE = YES_ERROR;
				CLANG_WARN_EMPTY_BODY = YES;
				CLANG_WARN_ENUM_CONVERSION = YES;
				CLANG_WARN_INT_CONVERSION = YES;
				CLANG_WARN_OBJC_ROOT_CLASS = YES_ERROR;
				CLANG_WARN_UNREACHABLE_CODE = YES;
				CLANG_WARN__DUPLICATE_METHOD_MATCH = YES;
				"CODE_SIGN_IDENTITY[sdk=iphoneos*]" = "iPhone Developer";
				COPY_PHASE_STRIP = YES;
				ENABLE_NS_ASSERTIONS = NO;
				ENABLE_STRICT_OBJC_MSGSEND = YES;
				GCC_C_LANGUAGE_STANDARD = gnu99;
				GCC_WARN_64_TO_32_BIT_CONVERSION = YES;
				GCC_WARN_ABOUT_RETURN_TYPE = YES_ERROR;
				GCC_WARN_UNDECLARED_SELECTOR = YES;
				GCC_WARN_UNINITIALIZED_AUTOS = YES_AGGRESSIVE;
				GCC_WARN_UNUSED_FUNCTION = YES;
				GCC_WARN_UNUSED_VARIABLE = YES;
				IPHONEOS_DEPLOYMENT_TARGET = 8.0;
				METAL_ENABLE_DEBUG_INFO = NO;
				SDKROOT = iphoneos;
				VALIDATE_PRODUCT = YES;
			};
			name = Release;
		};
		6A14BD96197E692D005BE9DA /* Debug */ = {
			isa = XCBuildConfiguration;
			buildSettings = {
				ASSETCATALOG_COMPILER_APPICON_NAME = AppIcon;
				ASSETCATALOG_COMPILER_LAUNCHIMAGE_NAME = LaunchImage;
				INFOPLIST_FILE = GeometryCatch/Info.plist;
				IPHONEOS_DEPLOYMENT_TARGET = 7.1;
				LD_RUNPATH_SEARCH_PATHS = "$(inherited) @executable_path/Frameworks";
				PRODUCT_NAME = "$(TARGET_NAME)";
			};
			name = Debug;
		};
		6A14BD97197E692D005BE9DA /* Release */ = {
			isa = XCBuildConfiguration;
			buildSettings = {
				ASSETCATALOG_COMPILER_APPICON_NAME = AppIcon;
				ASSETCATALOG_COMPILER_LAUNCHIMAGE_NAME = LaunchImage;
				INFOPLIST_FILE = GeometryCatch/Info.plist;
				IPHONEOS_DEPLOYMENT_TARGET = 7.1;
				LD_RUNPATH_SEARCH_PATHS = "$(inherited) @executable_path/Frameworks";
				PRODUCT_NAME = "$(TARGET_NAME)";
			};
			name = Release;
		};
		6A14BD99197E692D005BE9DA /* Debug */ = {
			isa = XCBuildConfiguration;
			buildSettings = {
				BUNDLE_LOADER = "$(BUILT_PRODUCTS_DIR)/GeometryCatch.app/GeometryCatch";
				FRAMEWORK_SEARCH_PATHS = (
					"$(SDKROOT)/Developer/Library/Frameworks",
					"$(inherited)",
				);
				GCC_PREPROCESSOR_DEFINITIONS = (
					"DEBUG=1",
					"$(inherited)",
				);
				INFOPLIST_FILE = GeometryCatchTests/Info.plist;
				LD_RUNPATH_SEARCH_PATHS = "$(inherited) @executable_path/Frameworks @loader_path/Frameworks";
				METAL_ENABLE_DEBUG_INFO = YES;
				PRODUCT_NAME = "$(TARGET_NAME)";
				TEST_HOST = "$(BUNDLE_LOADER)";
			};
			name = Debug;
		};
		6A14BD9A197E692D005BE9DA /* Release */ = {
			isa = XCBuildConfiguration;
			buildSettings = {
				BUNDLE_LOADER = "$(BUILT_PRODUCTS_DIR)/GeometryCatch.app/GeometryCatch";
				FRAMEWORK_SEARCH_PATHS = (
					"$(SDKROOT)/Developer/Library/Frameworks",
					"$(inherited)",
				);
				INFOPLIST_FILE = GeometryCatchTests/Info.plist;
				LD_RUNPATH_SEARCH_PATHS = "$(inherited) @executable_path/Frameworks @loader_path/Frameworks";
				METAL_ENABLE_DEBUG_INFO = NO;
				PRODUCT_NAME = "$(TARGET_NAME)";
				TEST_HOST = "$(BUNDLE_LOADER)";
			};
			name = Release;
		};
/* End XCBuildConfiguration section */

/* Begin XCConfigurationList section */
		6A14BD70197E692D005BE9DA /* Build configuration list for PBXProject "GeometryCatch" */ = {
			isa = XCConfigurationList;
			buildConfigurations = (
				6A14BD93197E692D005BE9DA /* Debug */,
				6A14BD94197E692D005BE9DA /* Release */,
			);
			defaultConfigurationIsVisible = 0;
			defaultConfigurationName = Release;
		};
		6A14BD95197E692D005BE9DA /* Build configuration list for PBXNativeTarget "GeometryCatch" */ = {
			isa = XCConfigurationList;
			buildConfigurations = (
				6A14BD96197E692D005BE9DA /* Debug */,
				6A14BD97197E692D005BE9DA /* Release */,
			);
			defaultConfigurationIsVisible = 0;
			defaultConfigurationName = Release;
		};
		6A14BD98197E692D005BE9DA /* Build configuration list for PBXNativeTarget "GeometryCatchTests" */ = {
			isa = XCConfigurationList;
			buildConfigurations = (
				6A14BD99197E692D005BE9DA /* Debug */,
				6A14BD9A197E692D005BE9DA /* Release */,
			);
			defaultConfigurationIsVisible = 0;
			defaultConfigurationName = Release;
		};
/* End XCConfigurationList section */
	};
	rootObject = 6A14BD6D197E692D005BE9DA /* Project object */;
}
